
Microsoft Visual Studio Solution File, Format Version 12.00
# Visual Studio Version 16
VisualStudioVersion = 16.0.29911.84
MinimumVisualStudioVersion = 10.0.40219.1
Project("{FAE04EC0-301F-11D3-BF4B-00C04F79EFBC}") = "NEUVolunteer.UWP", "NEUVolunteer.UWP\NEUVolunteer.UWP.csproj", "{A453523A-F24A-42A8-B91A-CB9036420174}"
EndProject
Project("{FAE04EC0-301F-11D3-BF4B-00C04F79EFBC}") = "NEUVolunteer.Android", "NEUVolunteer.Android\NEUVolunteer.Android.csproj", "{16B9FE25-FCA2-408A-AE34-1A7226366617}"
EndProject
Project("{FAE04EC0-301F-11D3-BF4B-00C04F79EFBC}") = "NEUVolunteer.iOS", "NEUVolunteer.iOS\NEUVolunteer.iOS.csproj", "{A340D5DE-A8A4-4C1D-A669-BC6EC8002FEA}"
EndProject
Project("{FAE04EC0-301F-11D3-BF4B-00C04F79EFBC}") = "NEUVolunteer", "NEUVolunteer\NEUVolunteer.csproj", "{91F940A1-4E55-450D-9083-125974C493A3}"
EndProject
Global
	GlobalSection(SolutionConfigurationPlatforms) = preSolution
		Debug|Any CPU = Debug|Any CPU
		Debug|ARM = Debug|ARM
		Debug|iPhone = Debug|iPhone
		Debug|iPhoneSimulator = Debug|iPhoneSimulator
		Debug|x64 = Debug|x64
		Debug|x86 = Debug|x86
		Release|Any CPU = Release|Any CPU
		Release|ARM = Release|ARM
		Release|iPhone = Release|iPhone
		Release|iPhoneSimulator = Release|iPhoneSimulator
		Release|x64 = Release|x64
		Release|x86 = Release|x86
	EndGlobalSection
	GlobalSection(ProjectConfigurationPlatforms) = postSolution
		{A453523A-F24A-42A8-B91A-CB9036420174}.Debug|Any CPU.ActiveCfg = Debug|x86
		{A453523A-F24A-42A8-B91A-CB9036420174}.Debug|Any CPU.Build.0 = Debug|x86
		{A453523A-F24A-42A8-B91A-CB9036420174}.Debug|Any CPU.Deploy.0 = Debug|x86
		{A453523A-F24A-42A8-B91A-CB9036420174}.Debug|ARM.ActiveCfg = Debug|ARM
		{A453523A-F24A-42A8-B91A-CB9036420174}.Debug|ARM.Build.0 = Debug|ARM
		{A453523A-F24A-42A8-B91A-CB9036420174}.Debug|ARM.Deploy.0 = Debug|ARM
		{A453523A-F24A-42A8-B91A-CB9036420174}.Debug|iPhone.ActiveCfg = Debug|x86
		{A453523A-F24A-42A8-B91A-CB9036420174}.Debug|iPhone.Build.0 = Debug|x86
		{A453523A-F24A-42A8-B91A-CB9036420174}.Debug|iPhone.Deploy.0 = Debug|x86
		{A453523A-F24A-42A8-B91A-CB9036420174}.Debug|iPhoneSimulator.ActiveCfg = Debug|x86
		{A453523A-F24A-42A8-B91A-CB9036420174}.Debug|iPhoneSimulator.Build.0 = Debug|x86
		{A453523A-F24A-42A8-B91A-CB9036420174}.Debug|iPhoneSimulator.Deploy.0 = Debug|x86
		{A453523A-F24A-42A8-B91A-CB9036420174}.Debug|x64.ActiveCfg = Debug|x64
		{A453523A-F24A-42A8-B91A-CB9036420174}.Debug|x64.Build.0 = Debug|x64
		{A453523A-F24A-42A8-B91A-CB9036420174}.Debug|x64.Deploy.0 = Debug|x64
		{A453523A-F24A-42A8-B91A-CB9036420174}.Debug|x86.ActiveCfg = Debug|x86
		{A453523A-F24A-42A8-B91A-CB9036420174}.Debug|x86.Build.0 = Debug|x86
		{A453523A-F24A-42A8-B91A-CB9036420174}.Debug|x86.Deploy.0 = Debug|x86
		{A453523A-F24A-42A8-B91A-CB9036420174}.Release|Any CPU.ActiveCfg = Release|x86
		{A453523A-F24A-42A8-B91A-CB9036420174}.Release|Any CPU.Build.0 = Release|x86
		{A453523A-F24A-42A8-B91A-CB9036420174}.Release|Any CPU.Deploy.0 = Release|x86
		{A453523A-F24A-42A8-B91A-CB9036420174}.Release|ARM.ActiveCfg = Release|ARM
		{A453523A-F24A-42A8-B91A-CB9036420174}.Release|ARM.Build.0 = Release|ARM
		{A453523A-F24A-42A8-B91A-CB9036420174}.Release|ARM.Deploy.0 = Release|ARM
		{A453523A-F24A-42A8-B91A-CB9036420174}.Release|iPhone.ActiveCfg = Release|x86
		{A453523A-F24A-42A8-B91A-CB9036420174}.Release|iPhone.Build.0 = Release|x86
		{A453523A-F24A-42A8-B91A-CB9036420174}.Release|iPhone.Deploy.0 = Release|x86
		{A453523A-F24A-42A8-B91A-CB9036420174}.Release|iPhoneSimulator.ActiveCfg = Release|x86
		{A453523A-F24A-42A8-B91A-CB9036420174}.Release|iPhoneSimulator.Build.0 = Release|x86
		{A453523A-F24A-42A8-B91A-CB9036420174}.Release|iPhoneSimulator.Deploy.0 = Release|x86
		{A453523A-F24A-42A8-B91A-CB9036420174}.Release|x64.ActiveCfg = Release|x64
		{A453523A-F24A-42A8-B91A-CB9036420174}.Release|x64.Build.0 = Release|x64
		{A453523A-F24A-42A8-B91A-CB9036420174}.Release|x64.Deploy.0 = Release|x64
		{A453523A-F24A-42A8-B91A-CB9036420174}.Release|x86.ActiveCfg = Release|x86
		{A453523A-F24A-42A8-B91A-CB9036420174}.Release|x86.Build.0 = Release|x86
		{A453523A-F24A-42A8-B91A-CB9036420174}.Release|x86.Deploy.0 = Release|x86
		{16B9FE25-FCA2-408A-AE34-1A7226366617}.Debug|Any CPU.ActiveCfg = Debug|Any CPU
		{16B9FE25-FCA2-408A-AE34-1A7226366617}.Debug|Any CPU.Build.0 = Debug|Any CPU
		{16B9FE25-FCA2-408A-AE34-1A7226366617}.Debug|Any CPU.Deploy.0 = Debug|Any CPU
		{16B9FE25-FCA2-408A-AE34-1A7226366617}.Debug|ARM.ActiveCfg = Debug|Any CPU
		{16B9FE25-FCA2-408A-AE34-1A7226366617}.Debug|ARM.Build.0 = Debug|Any CPU
		{16B9FE25-FCA2-408A-AE34-1A7226366617}.Debug|ARM.Deploy.0 = Debug|Any CPU
		{16B9FE25-FCA2-408A-AE34-1A7226366617}.Debug|iPhone.ActiveCfg = Debug|Any CPU
		{16B9FE25-FCA2-408A-AE34-1A7226366617}.Debug|iPhone.Build.0 = Debug|Any CPU
		{16B9FE25-FCA2-408A-AE34-1A7226366617}.Debug|iPhone.Deploy.0 = Debug|Any CPU
		{16B9FE25-FCA2-408A-AE34-1A7226366617}.Debug|iPhoneSimulator.ActiveCfg = Debug|Any CPU
		{16B9FE25-FCA2-408A-AE34-1A7226366617}.Debug|iPhoneSimulator.Build.0 = Debug|Any CPU
		{16B9FE25-FCA2-408A-AE34-1A7226366617}.Debug|iPhoneSimulator.Deploy.0 = Debug|Any CPU
		{16B9FE25-FCA2-408A-AE34-1A7226366617}.Debug|x64.ActiveCfg = Debug|Any CPU
		{16B9FE25-FCA2-408A-AE34-1A7226366617}.Debug|x64.Build.0 = Debug|Any CPU
		{16B9FE25-FCA2-408A-AE34-1A7226366617}.Debug|x64.Deploy.0 = Debug|Any CPU
		{16B9FE25-FCA2-408A-AE34-1A7226366617}.Debug|x86.ActiveCfg = Debug|Any CPU
		{16B9FE25-FCA2-408A-AE34-1A7226366617}.Debug|x86.Build.0 = Debug|Any CPU
		{16B9FE25-FCA2-408A-AE34-1A7226366617}.Debug|x86.Deploy.0 = Debug|Any CPU
		{16B9FE25-FCA2-408A-AE34-1A7226366617}.Release|Any CPU.ActiveCfg = Release|Any CPU
		{16B9FE25-FCA2-408A-AE34-1A7226366617}.Release|Any CPU.Build.0 = Release|Any CPU
		{16B9FE25-FCA2-408A-AE34-1A7226366617}.Release|Any CPU.Deploy.0 = Release|Any CPU
		{16B9FE25-FCA2-408A-AE34-1A7226366617}.Release|ARM.ActiveCfg = Release|Any CPU
		{16B9FE25-FCA2-408A-AE34-1A7226366617}.Release|ARM.Build.0 = Release|Any CPU
		{16B9FE25-FCA2-408A-AE34-1A7226366617}.Release|ARM.Deploy.0 = Release|Any CPU
		{16B9FE25-FCA2-408A-AE34-1A7226366617}.Release|iPhone.ActiveCfg = Release|Any CPU
		{16B9FE25-FCA2-408A-AE34-1A7226366617}.Release|iPhone.Build.0 = Release|Any CPU
		{16B9FE25-FCA2-408A-AE34-1A7226366617}.Release|iPhone.Deploy.0 = Release|Any CPU
		{16B9FE25-FCA2-408A-AE34-1A7226366617}.Release|iPhoneSimulator.ActiveCfg = Release|Any CPU
		{16B9FE25-FCA2-408A-AE34-1A7226366617}.Release|iPhoneSimulator.Build.0 = Release|Any CPU
		{16B9FE25-FCA2-408A-AE34-1A7226366617}.Release|iPhoneSimulator.Deploy.0 = Release|Any CPU
		{16B9FE25-FCA2-408A-AE34-1A7226366617}.Release|x64.ActiveCfg = Release|Any CPU
		{16B9FE25-FCA2-408A-AE34-1A7226366617}.Release|x64.Build.0 = Release|Any CPU
		{16B9FE25-FCA2-408A-AE34-1A7226366617}.Release|x64.Deploy.0 = Release|Any CPU
		{16B9FE25-FCA2-408A-AE34-1A7226366617}.Release|x86.ActiveCfg = Release|Any CPU
		{16B9FE25-FCA2-408A-AE34-1A7226366617}.Release|x86.Build.0 = Release|Any CPU
		{16B9FE25-FCA2-408A-AE34-1A7226366617}.Release|x86.Deploy.0 = Release|Any CPU
		{A340D5DE-A8A4-4C1D-A669-BC6EC8002FEA}.Debug|Any CPU.ActiveCfg = Debug|iPhone
		{A340D5DE-A8A4-4C1D-A669-BC6EC8002FEA}.Debug|Any CPU.Build.0 = Debug|iPhone
		{A340D5DE-A8A4-4C1D-A669-BC6EC8002FEA}.Debug|Any CPU.Deploy.0 = Debug|iPhone
		{A340D5DE-A8A4-4C1D-A669-BC6EC8002FEA}.Debug|ARM.ActiveCfg = Debug|iPhone
		{A340D5DE-A8A4-4C1D-A669-BC6EC8002FEA}.Debug|ARM.Build.0 = Debug|iPhone
		{A340D5DE-A8A4-4C1D-A669-BC6EC8002FEA}.Debug|ARM.Deploy.0 = Debug|iPhone
		{A340D5DE-A8A4-4C1D-A669-BC6EC8002FEA}.Debug|iPhone.ActiveCfg = Debug|iPhone
		{A340D5DE-A8A4-4C1D-A669-BC6EC8002FEA}.Debug|iPhone.Build.0 = Debug|iPhone
		{A340D5DE-A8A4-4C1D-A669-BC6EC8002FEA}.Debug|iPhone.Deploy.0 = Debug|iPhone
		{A340D5DE-A8A4-4C1D-A669-BC6EC8002FEA}.Debug|iPhoneSimulator.ActiveCfg = Debug|iPhoneSimulator
		{A340D5DE-A8A4-4C1D-A669-BC6EC8002FEA}.Debug|iPhoneSimulator.Build.0 = Debug|iPhoneSimulator
		{A340D5DE-A8A4-4C1D-A669-BC6EC8002FEA}.Debug|iPhoneSimulator.Deploy.0 = Debug|iPhoneSimulator
		{A340D5DE-A8A4-4C1D-A669-BC6EC8002FEA}.Debug|x64.ActiveCfg = Debug|iPhone
		{A340D5DE-A8A4-4C1D-A669-BC6EC8002FEA}.Debug|x64.Build.0 = Debug|iPhone
		{A340D5DE-A8A4-4C1D-A669-BC6EC8002FEA}.Debug|x64.Deploy.0 = Debug|iPhone
		{A340D5DE-A8A4-4C1D-A669-BC6EC8002FEA}.Debug|x86.ActiveCfg = Debug|iPhone
		{A340D5DE-A8A4-4C1D-A669-BC6EC8002FEA}.Debug|x86.Build.0 = Debug|iPhone
		{A340D5DE-A8A4-4C1D-A669-BC6EC8002FEA}.Debug|x86.Deploy.0 = Debug|iPhone
		{A340D5DE-A8A4-4C1D-A669-BC6EC8002FEA}.Release|Any CPU.ActiveCfg = Release|iPhone
		{A340D5DE-A8A4-4C1D-A669-BC6EC8002FEA}.Release|Any CPU.Build.0 = Release|iPhone
		{A340D5DE-A8A4-4C1D-A669-BC6EC8002FEA}.Release|Any CPU.Deploy.0 = Release|iPhone
		{A340D5DE-A8A4-4C1D-A669-BC6EC8002FEA}.Release|ARM.ActiveCfg = Release|iPhone
		{A340D5DE-A8A4-4C1D-A669-BC6EC8002FEA}.Release|ARM.Build.0 = Release|iPhone
		{A340D5DE-A8A4-4C1D-A669-BC6EC8002FEA}.Release|ARM.Deploy.0 = Release|iPhone
		{A340D5DE-A8A4-4C1D-A669-BC6EC8002FEA}.Release|iPhone.ActiveCfg = Release|iPhone
		{A340D5DE-A8A4-4C1D-A669-BC6EC8002FEA}.Release|iPhone.Build.0 = Release|iPhone
		{A340D5DE-A8A4-4C1D-A669-BC6EC8002FEA}.Release|iPhone.Deploy.0 = Release|iPhone
		{A340D5DE-A8A4-4C1D-A669-BC6EC8002FEA}.Release|iPhoneSimulator.ActiveCfg = Release|iPhoneSimulator
		{A340D5DE-A8A4-4C1D-A669-BC6EC8002FEA}.Release|iPhoneSimulator.Build.0 = Release|iPhoneSimulator
		{A340D5DE-A8A4-4C1D-A669-BC6EC8002FEA}.Release|iPhoneSimulator.Deploy.0 = Release|iPhoneSimulator
		{A340D5DE-A8A4-4C1D-A669-BC6EC8002FEA}.Release|x64.ActiveCfg = Release|iPhone
		{A340D5DE-A8A4-4C1D-A669-BC6EC8002FEA}.Release|x64.Build.0 = Release|iPhone
		{A340D5DE-A8A4-4C1D-A669-BC6EC8002FEA}.Release|x64.Deploy.0 = Release|iPhone
		{A340D5DE-A8A4-4C1D-A669-BC6EC8002FEA}.Release|x86.ActiveCfg = Release|iPhone
		{A340D5DE-A8A4-4C1D-A669-BC6EC8002FEA}.Release|x86.Build.0 = Release|iPhone
		{A340D5DE-A8A4-4C1D-A669-BC6EC8002FEA}.Release|x86.Deploy.0 = Release|iPhone
		{91F940A1-4E55-450D-9083-125974C493A3}.Debug|Any CPU.ActiveCfg = Debug|Any CPU
		{91F940A1-4E55-450D-9083-125974C493A3}.Debug|Any CPU.Build.0 = Debug|Any CPU
		{91F940A1-4E55-450D-9083-125974C493A3}.Debug|Any CPU.Deploy.0 = Debug|Any CPU
		{91F940A1-4E55-450D-9083-125974C493A3}.Debug|ARM.ActiveCfg = Debug|Any CPU
		{91F940A1-4E55-450D-9083-125974C493A3}.Debug|ARM.Build.0 = Debug|Any CPU
		{91F940A1-4E55-450D-9083-125974C493A3}.Debug|ARM.Deploy.0 = Debug|Any CPU
		{91F940A1-4E55-450D-9083-125974C493A3}.Debug|iPhone.ActiveCfg = Debug|Any CPU
		{91F940A1-4E55-450D-9083-125974C493A3}.Debug|iPhone.Build.0 = Debug|Any CPU
		{91F940A1-4E55-450D-9083-125974C493A3}.Debug|iPhone.Deploy.0 = Debug|Any CPU
		{91F940A1-4E55-450D-9083-125974C493A3}.Debug|iPhoneSimulator.ActiveCfg = Debug|Any CPU
		{91F940A1-4E55-450D-9083-125974C493A3}.Debug|iPhoneSimulator.Build.0 = Debug|Any CPU
		{91F940A1-4E55-450D-9083-125974C493A3}.Debug|iPhoneSimulator.Deploy.0 = Debug|Any CPU
		{91F940A1-4E55-450D-9083-125974C493A3}.Debug|x64.ActiveCfg = Debug|Any CPU
		{91F940A1-4E55-450D-9083-125974C493A3}.Debug|x64.Build.0 = Debug|Any CPU
		{91F940A1-4E55-450D-9083-125974C493A3}.Debug|x64.Deploy.0 = Debug|Any CPU
		{91F940A1-4E55-450D-9083-125974C493A3}.Debug|x86.ActiveCfg = Debug|Any CPU
		{91F940A1-4E55-450D-9083-125974C493A3}.Debug|x86.Build.0 = Debug|Any CPU
		{91F940A1-4E55-450D-9083-125974C493A3}.Debug|x86.Deploy.0 = Debug|Any CPU
		{91F940A1-4E55-450D-9083-125974C493A3}.Release|Any CPU.ActiveCfg = Release|Any CPU
		{91F940A1-4E55-450D-9083-125974C493A3}.Release|Any CPU.Build.0 = Release|Any CPU
		{91F940A1-4E55-450D-9083-125974C493A3}.Release|Any CPU.Deploy.0 = Release|Any CPU
		{91F940A1-4E55-450D-9083-125974C493A3}.Release|ARM.ActiveCfg = Release|Any CPU
		{91F940A1-4E55-450D-9083-125974C493A3}.Release|ARM.Build.0 = Release|Any CPU
		{91F940A1-4E55-450D-9083-125974C493A3}.Release|ARM.Deploy.0 = Release|Any CPU
		{91F940A1-4E55-450D-9083-125974C493A3}.Release|iPhone.ActiveCfg = Release|Any CPU
		{91F940A1-4E55-450D-9083-125974C493A3}.Release|iPhone.Build.0 = Release|Any CPU
		{91F940A1-4E55-450D-9083-125974C493A3}.Release|iPhone.Deploy.0 = Release|Any CPU
		{91F940A1-4E55-450D-9083-125974C493A3}.Release|iPhoneSimulator.ActiveCfg = Release|Any CPU
		{91F940A1-4E55-450D-9083-125974C493A3}.Release|iPhoneSimulator.Build.0 = Release|Any CPU
		{91F940A1-4E55-450D-9083-125974C493A3}.Release|iPhoneSimulator.Deploy.0 = Release|Any CPU
		{91F940A1-4E55-450D-9083-125974C493A3}.Release|x64.ActiveCfg = Release|Any CPU
		{91F940A1-4E55-450D-9083-125974C493A3}.Release|x64.Build.0 = Release|Any CPU
		{91F940A1-4E55-450D-9083-125974C493A3}.Release|x64.Deploy.0 = Release|Any CPU
		{91F940A1-4E55-450D-9083-125974C493A3}.Release|x86.ActiveCfg = Release|Any CPU
		{91F940A1-4E55-450D-9083-125974C493A3}.Release|x86.Build.0 = Release|Any CPU
		{91F940A1-4E55-450D-9083-125974C493A3}.Release|x86.Deploy.0 = Release|Any CPU
	EndGlobalSection
	GlobalSection(SolutionProperties) = preSolution
		HideSolutionNode = FALSE
	EndGlobalSection
	GlobalSection(ExtensibilityGlobals) = postSolution
		SolutionGuid = {2E440E32-EC40-4118-A79A-AE81764F5FD4}
	EndGlobalSection
EndGlobal
